<Solution>
  <Folder Name="/Solution Items/">
    <File Path="LICENSE" />
  </Folder>
  <Project Path="../AppleTVControlLibrary/src/AppleTV.Companion.Discovery/AppleTV.Companion.Discovery.csproj">
    <Build Project="false" />
  </Project>
  <Project Path="../AppleTVControlLibrary/src/AppleTV.Companion/AppleTV.Companion.csproj" />
  <Project Path="../AppleTVControlLibrary/src/AppleTv.Mrp/AppleTv.Mrp.csproj" />
  <Project Path="AppleTVCrestronDriver.FakeDevice/AppleTVCrestronDriver.FakeDevice.csproj" />
  <Project Path="AppleTVCrestronDriver.Tests/AppleTVCrestronDriver.Tests.csproj" />
  <Project Path="AppleTVCrestronDriver.WorkflowTests/AppleTVCrestronDriver.WorkflowTests.csproj" />
  <Project Path="AppleTVCrestronDriver/AppleTVCrestronDriver.csproj" />
  <Project Path="AppleTVCrestronExtensionDriver/AppleTVCrestronExtensionDriver.csproj" />
  <Project Path="AppleTVCrestronDriver.ProcessorTests/AppleTVCrestronDriver.ProcessorTests.csproj" />
  <Project Path="AppleTVCrestronDriver.Lifecycle.Tests/AppleTVCrestronDriver.Lifecycle.Tests.csproj" />
</Solution>
