<Solution>
  <Folder Name="/Solution Items/">
    <File Path="LICENSE" />
  </Folder>
  <Project Path="../AppleTVControlLibrary/src/AppleTV.Companion.Discovery/AppleTV.Companion.Discovery.csproj">
    <Build Project="false" />
  </Project>
  <Project Path="../AppleTVControlLibrary/src/AppleTV.Companion/AppleTV.Companion.csproj">
    <Build Project="false" />
  </Project>
  <Project Path="../AppleTVControlLibrary/tests/AppleTV.Companion.FakeDevice/AppleTV.Companion.FakeDevice.csproj">
    <Build Project="false" />
  </Project>
  <Project Path="AppleTVCrestronDriver.Tests/AppleTVCrestronDriver.Tests.csproj" />
  <Project Path="AppleTVCrestronDriver/AppleTVCrestronDriver.csproj" />
  <Project Path="AppleTVCrestronExtensionDriver/AppleTVCrestronExtensionDriver.csproj" />
</Solution>
